{
  "lockfileVersion": 1,
  "configVersion": 1,
  "workspaces": {
    "": {
      "dependencies": {
        "@std/fs": "npm:@jsr/std__fs",
        "@std/path": "npm:@jsr/std__path",
        "fuse.js": "^7.1.0",
      },
      "devDependencies": {
        "@types/bun": "^1.3.9",
      },
    },
  },
  "packages": {
    "@jsr/std__internal": ["@jsr/std__internal@1.0.12", "https://npm.jsr.io/~/11/@jsr/std__internal/1.0.12.tgz", {}, "sha512-6xReMW9p+paJgqoFRpOE2nogJFvzPfaLHLIlyADYjKMUcwDyjKZxryIbgcU+gxiTygn8yCjld1HoI0ET4/iZeA=="],

    "@jsr/std__path": ["@jsr/std__path@1.1.4", "https://npm.jsr.io/~/11/@jsr/std__path/1.1.4.tgz", { "dependencies": { "@jsr/std__internal": "^1.0.12" } }, "sha512-SK4u9H6NVTfolhPdlvdYXfNFefy1W04AEHWJydryYbk+xqzNiVmr5o7TLJLJFqwHXuwMRhwrn+mcYeUfS0YFaA=="],

    "@std/fs": ["@jsr/std__fs@1.0.23", "https://npm.jsr.io/~/11/@jsr/std__fs/1.0.23.tgz", { "dependencies": { "@jsr/std__internal": "^1.0.12", "@jsr/std__path": "^1.1.4" } }, "sha512-e8jspB3M44E5YhWiLCTqibBBTwVmxQaHN06WvFa/elAKm5E/LfAe8Hj5XGNC8P7a0MIPASlNJsnF1bgO/g+aqg=="],

    "@std/path": ["@jsr/std__path@1.1.4", "https://npm.jsr.io/~/11/@jsr/std__path/1.1.4.tgz", { "dependencies": { "@jsr/std__internal": "^1.0.12" } }, "sha512-SK4u9H6NVTfolhPdlvdYXfNFefy1W04AEHWJydryYbk+xqzNiVmr5o7TLJLJFqwHXuwMRhwrn+mcYeUfS0YFaA=="],

    "@types/bun": ["@types/bun@1.3.9", "", { "dependencies": { "bun-types": "1.3.9" } }, "sha512-KQ571yULOdWJiMH+RIWIOZ7B2RXQGpL1YQrBtLIV3FqDcCu6FsbFUBwhdKUlCKUpS3PJDsHlJ1QKlpxoVR+xtw=="],

    "@types/node": ["@types/node@25.3.2", "", { "dependencies": { "undici-types": "~7.18.0" } }, "sha512-RpV6r/ij22zRRdyBPcxDeKAzH43phWVKEjL2iksqo1Vz3CuBUrgmPpPhALKiRfU7OMCmeeO9vECBMsV0hMTG8Q=="],

    "bun-types": ["bun-types@1.3.9", "", { "dependencies": { "@types/node": "*" } }, "sha512-+UBWWOakIP4Tswh0Bt0QD0alpTY8cb5hvgiYeWCMet9YukHbzuruIEeXC2D7nMJPB12kbh8C7XJykSexEqGKJg=="],

    "fuse.js": ["fuse.js@7.1.0", "", {}, "sha512-trLf4SzuuUxfusZADLINj+dE8clK1frKdmqiJNb1Es75fmI5oY6X2mxLVUciLLjxqw/xr72Dhy+lER6dGd02FQ=="],

    "undici-types": ["undici-types@7.18.2", "", {}, "sha512-AsuCzffGHJybSaRrmr5eHr81mwJU3kjw6M+uprWvCXiNeN9SOGwQ3Jn8jb8m3Z6izVgknn1R0FTCEAP2QrLY/w=="],
  }
}
